// !$*UTF8*$!
{
	archiveVersion = 1;
	classes = {
	};
	objectVersion = 50;
	objects = {

/* Begin PBXBuildFile section */
		5423560C221BC75F002CBD1A /* VisionTrackerProcessor.swift in Sources */ = {isa = PBXBuildFile; fileRef = 5423560B221BC75E002CBD1A /* VisionTrackerProcessor.swift */; };
		5423560E221BC76C002CBD1A /* CommonTypes.swift in Sources */ = {isa = PBXBuildFile; fileRef = 5423560D221BC76C002CBD1A /* CommonTypes.swift */; };
		548917BA221E3DC400520B81 /* BTLE.swift in Sources */ = {isa = PBXBuildFile; fileRef = 548917B1221E3DC300520B81 /* BTLE.swift */; };
		548917BB221E3DC400520B81 /* QX.swift in Sources */ = {isa = PBXBuildFile; fileRef = 548917B2221E3DC300520B81 /* QX.swift */; };
		548917BC221E3DC400520B81 /* QX_Protocol_App.c in Sources */ = {isa = PBXBuildFile; fileRef = 548917B4221E3DC300520B81 /* QX_Protocol_App.c */; };
		548917BD221E3DC400520B81 /* QX_Parsing_Functions.c in Sources */ = {isa = PBXBuildFile; fileRef = 548917B7221E3DC400520B81 /* QX_Parsing_Functions.c */; };
		548917BE221E3DC400520B81 /* QX_Protocol.c in Sources */ = {isa = PBXBuildFile; fileRef = 548917B8221E3DC400520B81 /* QX_Protocol.c */; };
		548917C1221E3E7600520B81 /* TrackingImageView.swift in Sources */ = {isa = PBXBuildFile; fileRef = 548917C0221E3E7500520B81 /* TrackingImageView.swift */; };
		548E1B252216943200493729 /* VisionObjectRecognitionViewController.swift in Sources */ = {isa = PBXBuildFile; fileRef = 548E1B242216943200493729 /* VisionObjectRecognitionViewController.swift */; };
		549661BB2215FE2200863AF0 /* AppDelegate.swift in Sources */ = {isa = PBXBuildFile; fileRef = 549661BA2215FE2200863AF0 /* AppDelegate.swift */; };
		549661BD2215FE2200863AF0 /* CaptureSessionBaseViewController.swift in Sources */ = {isa = PBXBuildFile; fileRef = 549661BC2215FE2200863AF0 /* CaptureSessionBaseViewController.swift */; };
		549661C02215FE2200863AF0 /* Main.storyboard in Resources */ = {isa = PBXBuildFile; fileRef = 549661BE2215FE2200863AF0 /* Main.storyboard */; };
		549661C22215FE2400863AF0 /* Assets.xcassets in Resources */ = {isa = PBXBuildFile; fileRef = 549661C12215FE2400863AF0 /* Assets.xcassets */; };
		549661C52215FE2400863AF0 /* LaunchScreen.storyboard in Resources */ = {isa = PBXBuildFile; fileRef = 549661C32215FE2400863AF0 /* LaunchScreen.storyboard */; };
/* End PBXBuildFile section */

/* Begin PBXFileReference section */
		5423560B221BC75E002CBD1A /* VisionTrackerProcessor.swift */ = {isa = PBXFileReference; fileEncoding = 4; lastKnownFileType = sourcecode.swift; path = VisionTrackerProcessor.swift; sourceTree = "<group>"; };
		5423560D221BC76C002CBD1A /* CommonTypes.swift */ = {isa = PBXFileReference; fileEncoding = 4; lastKnownFileType = sourcecode.swift; path = CommonTypes.swift; sourceTree = "<group>"; };
		548917AF221E3DC300520B81 /* FF_API_IOS-Bridging-Header.h */ = {isa = PBXFileReference; fileEncoding = 4; lastKnownFileType = sourcecode.c.h; path = "FF_API_IOS-Bridging-Header.h"; sourceTree = "<group>"; };
		548917B0221E3DC300520B81 /* QX_App_Config.h */ = {isa = PBXFileReference; fileEncoding = 4; lastKnownFileType = sourcecode.c.h; path = QX_App_Config.h; sourceTree = "<group>"; };
		548917B1221E3DC300520B81 /* BTLE.swift */ = {isa = PBXFileReference; fileEncoding = 4; lastKnownFileType = sourcecode.swift; path = BTLE.swift; sourceTree = "<group>"; };
		548917B2221E3DC300520B81 /* QX.swift */ = {isa = PBXFileReference; fileEncoding = 4; lastKnownFileType = sourcecode.swift; path = QX.swift; sourceTree = "<group>"; };
		548917B3221E3DC300520B81 /* QX_Protocol_App.h */ = {isa = PBXFileReference; fileEncoding = 4; lastKnownFileType = sourcecode.c.h; path = QX_Protocol_App.h; sourceTree = "<group>"; };
		548917B4221E3DC300520B81 /* QX_Protocol_App.c */ = {isa = PBXFileReference; fileEncoding = 4; lastKnownFileType = sourcecode.c.c; path = QX_Protocol_App.c; sourceTree = "<group>"; };
		548917B6221E3DC400520B81 /* QX_Protocol.h */ = {isa = PBXFileReference; fileEncoding = 4; lastKnownFileType = sourcecode.c.h; path = QX_Protocol.h; sourceTree = "<group>"; };
		548917B7221E3DC400520B81 /* QX_Parsing_Functions.c */ = {isa = PBXFileReference; fileEncoding = 4; lastKnownFileType = sourcecode.c.c; path = QX_Parsing_Functions.c; sourceTree = "<group>"; };
		548917B8221E3DC400520B81 /* QX_Protocol.c */ = {isa = PBXFileReference; fileEncoding = 4; lastKnownFileType = sourcecode.c.c; path = QX_Protocol.c; sourceTree = "<group>"; };
		548917B9221E3DC400520B81 /* QX_Parsing_Functions.h */ = {isa = PBXFileReference; fileEncoding = 4; lastKnownFileType = sourcecode.c.h; path = QX_Parsing_Functions.h; sourceTree = "<group>"; };
		548917C0221E3E7500520B81 /* TrackingImageView.swift */ = {isa = PBXFileReference; fileEncoding = 4; lastKnownFileType = sourcecode.swift; path = TrackingImageView.swift; sourceTree = "<group>"; };
		548E1B242216943200493729 /* VisionObjectRecognitionViewController.swift */ = {isa = PBXFileReference; lastKnownFileType = sourcecode.swift; path = VisionObjectRecognitionViewController.swift; sourceTree = "<group>"; };
		549661B72215FE2200863AF0 /* FF Object Tracker.app */ = {isa = PBXFileReference; explicitFileType = wrapper.application; includeInIndex = 0; path = "FF Object Tracker.app"; sourceTree = BUILT_PRODUCTS_DIR; };
		549661BA2215FE2200863AF0 /* AppDelegate.swift */ = {isa = PBXFileReference; lastKnownFileType = sourcecode.swift; path = AppDelegate.swift; sourceTree = "<group>"; };
		549661BC2215FE2200863AF0 /* CaptureSessionBaseViewController.swift */ = {isa = PBXFileReference; lastKnownFileType = sourcecode.swift; path = CaptureSessionBaseViewController.swift; sourceTree = "<group>"; };
		549661BF2215FE2200863AF0 /* Base */ = {isa = PBXFileReference; lastKnownFileType = file.storyboard; name = Base; path = Base.lproj/Main.storyboard; sourceTree = "<group>"; };
		549661C12215FE2400863AF0 /* Assets.xcassets */ = {isa = PBXFileReference; lastKnownFileType = folder.assetcatalog; path = Assets.xcassets; sourceTree = "<group>"; };
		549661C42215FE2400863AF0 /* Base */ = {isa = PBXFileReference; lastKnownFileType = file.storyboard; name = Base; path = Base.lproj/LaunchScreen.storyboard; sourceTree = "<group>"; };
		549661C62215FE2400863AF0 /* Info.plist */ = {isa = PBXFileReference; lastKnownFileType = text.plist.xml; path = Info.plist; sourceTree = "<group>"; };
/* End PBXFileReference section */

/* Begin PBXFrameworksBuildPhase section */
		549661B42215FE2200863AF0 /* Frameworks */ = {
			isa = PBXFrameworksBuildPhase;
			buildActionMask = 2147483647;
			files = (
			);
			runOnlyForDeploymentPostprocessing = 0;
		};
/* End PBXFrameworksBuildPhase section */

/* Begin PBXGroup section */
		54235610221BC77C002CBD1A /* Vision */ = {
			isa = PBXGroup;
			children = (
				5423560D221BC76C002CBD1A /* CommonTypes.swift */,
				548917C0221E3E7500520B81 /* TrackingImageView.swift */,
				5423560B221BC75E002CBD1A /* VisionTrackerProcessor.swift */,
			);
			path = Vision;
			sourceTree = "<group>";
		};
		548917AE221E3DC300520B81 /* QX */ = {
			isa = PBXGroup;
			children = (
				548917AF221E3DC300520B81 /* FF_API_IOS-Bridging-Header.h */,
				548917B0221E3DC300520B81 /* QX_App_Config.h */,
				548917B1221E3DC300520B81 /* BTLE.swift */,
				548917B2221E3DC300520B81 /* QX.swift */,
				548917B3221E3DC300520B81 /* QX_Protocol_App.h */,
				548917B4221E3DC300520B81 /* QX_Protocol_App.c */,
			);
			path = QX;
			sourceTree = "<group>";
		};
		548917B5221E3DC300520B81 /* QX_Lib */ = {
			isa = PBXGroup;
			children = (
				548917B6221E3DC400520B81 /* QX_Protocol.h */,
				548917B7221E3DC400520B81 /* QX_Parsing_Functions.c */,
				548917B8221E3DC400520B81 /* QX_Protocol.c */,
				548917B9221E3DC400520B81 /* QX_Parsing_Functions.h */,
			);
			path = QX_Lib;
			sourceTree = "<group>";
		};
		548917BF221E3DE400520B81 /* FF API */ = {
			isa = PBXGroup;
			children = (
				548917AE221E3DC300520B81 /* QX */,
				548917B5221E3DC300520B81 /* QX_Lib */,
			);
			path = "FF API";
			sourceTree = "<group>";
		};
		549661AE2215FE2200863AF0 = {
			isa = PBXGroup;
			children = (
				549661B92215FE2200863AF0 /* Elijah Wood Freefly Challenge */,
				549661B82215FE2200863AF0 /* Products */,
			);
			sourceTree = "<group>";
		};
		549661B82215FE2200863AF0 /* Products */ = {
			isa = PBXGroup;
			children = (
				549661B72215FE2200863AF0 /* FF Object Tracker.app */,
			);
			name = Products;
			sourceTree = "<group>";
		};
		549661B92215FE2200863AF0 /* Elijah Wood Freefly Challenge */ = {
			isa = PBXGroup;
			children = (
				549661BA2215FE2200863AF0 /* AppDelegate.swift */,
				549661BC2215FE2200863AF0 /* CaptureSessionBaseViewController.swift */,
				548E1B242216943200493729 /* VisionObjectRecognitionViewController.swift */,
				54235610221BC77C002CBD1A /* Vision */,
				548917BF221E3DE400520B81 /* FF API */,
				549661BE2215FE2200863AF0 /* Main.storyboard */,
				549661C12215FE2400863AF0 /* Assets.xcassets */,
				549661C32215FE2400863AF0 /* LaunchScreen.storyboard */,
				549661C62215FE2400863AF0 /* Info.plist */,
			);
			path = "Elijah Wood Freefly Challenge";
			sourceTree = "<group>";
		};
/* End PBXGroup section */

/* Begin PBXNativeTarget section */
		549661B62215FE2200863AF0 /* FF Object Tracker */ = {
			isa = PBXNativeTarget;
			buildConfigurationList = 549661C92215FE2400863AF0 /* Build configuration list for PBXNativeTarget "FF Object Tracker" */;
			buildPhases = (
				549661B32215FE2200863AF0 /* Sources */,
				549661B42215FE2200863AF0 /* Frameworks */,
				549661B52215FE2200863AF0 /* Resources */,
			);
			buildRules = (
			);
			dependencies = (
			);
			name = "FF Object Tracker";
			productName = "Elijah Wood Freefly Challenge";
			productReference = 549661B72215FE2200863AF0 /* FF Object Tracker.app */;
			productType = "com.apple.product-type.application";
		};
/* End PBXNativeTarget section */

/* Begin PBXProject section */
		549661AF2215FE2200863AF0 /* Project object */ = {
			isa = PBXProject;
			attributes = {
				LastSwiftUpdateCheck = 1010;
				LastUpgradeCheck = 1010;
				ORGANIZATIONNAME = Frodes;
				TargetAttributes = {
					549661B62215FE2200863AF0 = {
						CreatedOnToolsVersion = 10.1;
					};
				};
			};
			buildConfigurationList = 549661B22215FE2200863AF0 /* Build configuration list for PBXProject "FF Object Tracker" */;
			compatibilityVersion = "Xcode 9.3";
			developmentRegion = en;
			hasScannedForEncodings = 0;
			knownRegions = (
				en,
				Base,
			);
			mainGroup = 549661AE2215FE2200863AF0;
			productRefGroup = 549661B82215FE2200863AF0 /* Products */;
			projectDirPath = "";
			projectRoot = "";
			targets = (
				549661B62215FE2200863AF0 /* FF Object Tracker */,
			);
		};
/* End PBXProject section */

/* Begin PBXResourcesBuildPhase section */
		549661B52215FE2200863AF0 /* Resources */ = {
			isa = PBXResourcesBuildPhase;
			buildActionMask = 2147483647;
			files = (
				549661C52215FE2400863AF0 /* LaunchScreen.storyboard in Resources */,
				549661C22215FE2400863AF0 /* Assets.xcassets in Resources */,
				549661C02215FE2200863AF0 /* Main.storyboard in Resources */,
			);
			runOnlyForDeploymentPostprocessing = 0;
		};
/* End PBXResourcesBuildPhase section */

/* Begin PBXSourcesBuildPhase section */
		549661B32215FE2200863AF0 /* Sources */ = {
			isa = PBXSourcesBuildPhase;
			buildActionMask = 2147483647;
			files = (
				548917BC221E3DC400520B81 /* QX_Protocol_App.c in Sources */,
				549661BD2215FE2200863AF0 /* CaptureSessionBaseViewController.swift in Sources */,
				5423560E221BC76C002CBD1A /* CommonTypes.swift in Sources */,
				548E1B252216943200493729 /* VisionObjectRecognitionViewController.swift in Sources */,
				548917BD221E3DC400520B81 /* QX_Parsing_Functions.c in Sources */,
				548917BB221E3DC400520B81 /* QX.swift in Sources */,
				549661BB2215FE2200863AF0 /* AppDelegate.swift in Sources */,
				548917BA221E3DC400520B81 /* BTLE.swift in Sources */,
				548917C1221E3E7600520B81 /* TrackingImageView.swift in Sources */,
				5423560C221BC75F002CBD1A /* VisionTrackerProcessor.swift in Sources */,
				548917BE221E3DC400520B81 /* QX_Protocol.c in Sources */,
			);
			runOnlyForDeploymentPostprocessing = 0;
		};
/* End PBXSourcesBuildPhase section */

/* Begin PBXVariantGroup section */
		549661BE2215FE2200863AF0 /* Main.storyboard */ = {
			isa = PBXVariantGroup;
			children = (
				549661BF2215FE2200863AF0 /* Base */,
			);
			name = Main.storyboard;
			sourceTree = "<group>";
		};
		549661C32215FE2400863AF0 /* LaunchScreen.storyboard */ = {
			isa = PBXVariantGroup;
			children = (
				549661C42215FE2400863AF0 /* Base */,
			);
			name = LaunchScreen.storyboard;
			sourceTree = "<group>";
		};
/* End PBXVariantGroup section */

/* Begin XCBuildConfiguration section */
		549661C72215FE2400863AF0 /* Debug */ = {
			isa = XCBuildConfiguration;
			buildSettings = {
				ALWAYS_SEARCH_USER_PATHS = NO;
				CLANG_ANALYZER_NONNULL = YES;
				CLANG_ANALYZER_NUMBER_OBJECT_CONVERSION = YES_AGGRESSIVE;
				CLANG_CXX_LANGUAGE_STANDARD = "gnu++14";
				CLANG_CXX_LIBRARY = "libc++";
				CLANG_ENABLE_MODULES = YES;
				CLANG_ENABLE_OBJC_ARC = YES;
				CLANG_ENABLE_OBJC_WEAK = YES;
				CLANG_WARN_BLOCK_CAPTURE_AUTORELEASING = YES;
				CLANG_WARN_BOOL_CONVERSION = YES;
				CLANG_WARN_COMMA = YES;
				CLANG_WARN_CONSTANT_CONVERSION = YES;
				CLANG_WARN_DEPRECATED_OBJC_IMPLEMENTATIONS = YES;
				CLANG_WARN_DIRECT_OBJC_ISA_USAGE = YES_ERROR;
				CLANG_WARN_DOCUMENTATION_COMMENTS = YES;
				CLANG_WARN_EMPTY_BODY = YES;
				CLANG_WARN_ENUM_CONVERSION = YES;
				CLANG_WARN_INFINITE_RECURSION = YES;
				CLANG_WARN_INT_CONVERSION = YES;
				CLANG_WARN_NON_LITERAL_NULL_CONVERSION = YES;
				CLANG_WARN_OBJC_IMPLICIT_RETAIN_SELF = YES;
				CLANG_WARN_OBJC_LITERAL_CONVERSION = YES;
				CLANG_WARN_OBJC_ROOT_CLASS = YES_ERROR;
				CLANG_WARN_RANGE_LOOP_ANALYSIS = YES;
				CLANG_WARN_STRICT_PROTOTYPES = YES;
				CLANG_WARN_SUSPICIOUS_MOVE = YES;
				CLANG_WARN_UNGUARDED_AVAILABILITY = YES_AGGRESSIVE;
				CLANG_WARN_UNREACHABLE_CODE = YES;
				CLANG_WARN__DUPLICATE_METHOD_MATCH = YES;
				CODE_SIGN_IDENTITY = "iPhone Developer";
				COPY_PHASE_STRIP = NO;
				DEBUG_INFORMATION_FORMAT = dwarf;
				ENABLE_STRICT_OBJC_MSGSEND = YES;
				ENABLE_TESTABILITY = YES;
				GCC_C_LANGUAGE_STANDARD = gnu11;
				GCC_DYNAMIC_NO_PIC = NO;
				GCC_NO_COMMON_BLOCKS = YES;
				GCC_OPTIMIZATION_LEVEL = 0;
				GCC_PREPROCESSOR_DEFINITIONS = (
					"DEBUG=1",
					"$(inherited)",
				);
				GCC_WARN_64_TO_32_BIT_CONVERSION = YES;
				GCC_WARN_ABOUT_RETURN_TYPE = YES_ERROR;
				GCC_WARN_UNDECLARED_SELECTOR = YES;
				GCC_WARN_UNINITIALIZED_AUTOS = YES_AGGRESSIVE;
				GCC_WARN_UNUSED_FUNCTION = YES;
				GCC_WARN_UNUSED_VARIABLE = YES;
				IPHONEOS_DEPLOYMENT_TARGET = 12.1;
				MTL_ENABLE_DEBUG_INFO = INCLUDE_SOURCE;
				MTL_FAST_MATH = YES;
				ONLY_ACTIVE_ARCH = YES;
				SDKROOT = iphoneos;
				SWIFT_ACTIVE_COMPILATION_CONDITIONS = DEBUG;
				SWIFT_OPTIMIZATION_LEVEL = "-Onone";
			};
			name = Debug;
		};
		549661C82215FE2400863AF0 /* Release */ = {
			isa = XCBuildConfiguration;
			buildSettings = {
				ALWAYS_SEARCH_USER_PATHS = NO;
				CLANG_ANALYZER_NONNULL = YES;
				CLANG_ANALYZER_NUMBER_OBJECT_CONVERSION = YES_AGGRESSIVE;
				CLANG_CXX_LANGUAGE_STANDARD = "gnu++14";
				CLANG_CXX_LIBRARY = "libc++";
				CLANG_ENABLE_MODULES = YES;
				CLANG_ENABLE_OBJC_ARC = YES;
				CLANG_ENABLE_OBJC_WEAK = YES;
				CLANG_WARN_BLOCK_CAPTURE_AUTORELEASING = YES;
				CLANG_WARN_BOOL_CONVERSION = YES;
				CLANG_WARN_COMMA = YES;
				CLANG_WARN_CONSTANT_CONVERSION = YES;
				CLANG_WARN_DEPRECATED_OBJC_IMPLEMENTATIONS = YES;
				CLANG_WARN_DIRECT_OBJC_ISA_USAGE = YES_ERROR;
				CLANG_WARN_DOCUMENTATION_COMMENTS = YES;
				CLANG_WARN_EMPTY_BODY = YES;
				CLANG_WARN_ENUM_CONVERSION = YES;
				CLANG_WARN_INFINITE_RECURSION = YES;
				CLANG_WARN_INT_CONVERSION = YES;
				CLANG_WARN_NON_LITERAL_NULL_CONVERSION = YES;
				CLANG_WARN_OBJC_IMPLICIT_RETAIN_SELF = YES;
				CLANG_WARN_OBJC_LITERAL_CONVERSION = YES;
				CLANG_WARN_OBJC_ROOT_CLASS = YES_ERROR;
				CLANG_WARN_RANGE_LOOP_ANALYSIS = YES;
				CLANG_WARN_STRICT_PROTOTYPES = YES;
				CLANG_WARN_SUSPICIOUS_MOVE = YES;
				CLANG_WARN_UNGUARDED_AVAILABILITY = YES_AGGRESSIVE;
				CLANG_WARN_UNREACHABLE_CODE = YES;
				CLANG_WARN__DUPLICATE_METHOD_MATCH = YES;
				CODE_SIGN_IDENTITY = "iPhone Developer";
				COPY_PHASE_STRIP = NO;
				DEBUG_INFORMATION_FORMAT = "dwarf-with-dsym";
				ENABLE_NS_ASSERTIONS = NO;
				ENABLE_STRICT_OBJC_MSGSEND = YES;
				GCC_C_LANGUAGE_STANDARD = gnu11;
				GCC_NO_COMMON_BLOCKS = YES;
				GCC_WARN_64_TO_32_BIT_CONVERSION = YES;
				GCC_WARN_ABOUT_RETURN_TYPE = YES_ERROR;
				GCC_WARN_UNDECLARED_SELECTOR = YES;
				GCC_WARN_UNINITIALIZED_AUTOS = YES_AGGRESSIVE;
				GCC_WARN_UNUSED_FUNCTION = YES;
				GCC_WARN_UNUSED_VARIABLE = YES;
				IPHONEOS_DEPLOYMENT_TARGET = 12.1;
				MTL_ENABLE_DEBUG_INFO = NO;
				MTL_FAST_MATH = YES;
				SDKROOT = iphoneos;
				SWIFT_COMPILATION_MODE = wholemodule;
				SWIFT_OPTIMIZATION_LEVEL = "-O";
				VALIDATE_PRODUCT = YES;
			};
			name = Release;
		};
		549661CA2215FE2400863AF0 /* Debug */ = {
			isa = XCBuildConfiguration;
			buildSettings = {
				ASSETCATALOG_COMPILER_APPICON_NAME = AppIcon;
				CODE_SIGN_STYLE = Automatic;
				DEVELOPMENT_TEAM = QQR5H9RA96;
				INFOPLIST_FILE = "Elijah Wood Freefly Challenge/Info.plist";
				LD_RUNPATH_SEARCH_PATHS = (
					"$(inherited)",
					"@executable_path/Frameworks",
				);
				PRODUCT_BUNDLE_IDENTIFIER = "frodes.Elijah-Wood-Freefly-Challenge";
				PRODUCT_NAME = "$(TARGET_NAME)";
				SWIFT_OBJC_BRIDGING_HEADER = "Elijah Wood Freefly Challenge/FF API/QX/FF_API_IOS-Bridging-Header.h";
				SWIFT_VERSION = 4.2;
				TARGETED_DEVICE_FAMILY = "1,2";
			};
			name = Debug;
		};
		549661CB2215FE2400863AF0 /* Release */ = {
			isa = XCBuildConfiguration;
			buildSettings = {
				ASSETCATALOG_COMPILER_APPICON_NAME = AppIcon;
				CODE_SIGN_STYLE = Automatic;
				DEVELOPMENT_TEAM = QQR5H9RA96;
				INFOPLIST_FILE = "Elijah Wood Freefly Challenge/Info.plist";
				LD_RUNPATH_SEARCH_PATHS = (
					"$(inherited)",
					"@executable_path/Frameworks",
				);
				PRODUCT_BUNDLE_IDENTIFIER = "frodes.Elijah-Wood-Freefly-Challenge";
				PRODUCT_NAME = "$(TARGET_NAME)";
				SWIFT_OBJC_BRIDGING_HEADER = "Elijah Wood Freefly Challenge/FF API/QX/FF_API_IOS-Bridging-Header.h";
				SWIFT_VERSION = 4.2;
				TARGETED_DEVICE_FAMILY = "1,2";
			};
			name = Release;
		};
/* End XCBuildConfiguration section */

/* Begin XCConfigurationList section */
		549661B22215FE2200863AF0 /* Build configuration list for PBXProject "FF Object Tracker" */ = {
			isa = XCConfigurationList;
			buildConfigurations = (
				549661C72215FE2400863AF0 /* Debug */,
				549661C82215FE2400863AF0 /* Release */,
			);
			defaultConfigurationIsVisible = 0;
			defaultConfigurationName = Release;
		};
		549661C92215FE2400863AF0 /* Build configuration list for PBXNativeTarget "FF Object Tracker" */ = {
			isa = XCConfigurationList;
			buildConfigurations = (
				549661CA2215FE2400863AF0 /* Debug */,
				549661CB2215FE2400863AF0 /* Release */,
			);
			defaultConfigurationIsVisible = 0;
			defaultConfigurationName = Release;
		};
/* End XCConfigurationList section */
	};
	rootObject = 549661AF2215FE2200863AF0 /* Project object */;
}
